
Microsoft Visual Studio Solution File, Format Version 12.00
# Visual Studio 14
VisualStudioVersion = 14.0.25420.1
MinimumVisualStudioVersion = 10.0.40219.1
Project("{FAE04EC0-301F-11D3-BF4B-00C04F79EFBC}") = "NorthWind.WebForms", "NorthWind.WebForms\NorthWind.WebForms.csproj", "{A124B431-0ED7-4D14-917F-69714DE5E65C}"
EndProject
Project("{FAE04EC0-301F-11D3-BF4B-00C04F79EFBC}") = "NorthWind.Repositorios.SqlServer.Ado", "NorthWind.Repositorios.SqlServer\NorthWind.Repositorios.SqlServer.Ado.csproj", "{95016330-5E41-4557-9AA2-32C0A55F543E}"
EndProject
Project("{FAE04EC0-301F-11D3-BF4B-00C04F79EFBC}") = "NorthWind.Repositorios.SqlServerTests", "NorthWind.Repositorios.SqlServerTests\NorthWind.Repositorios.SqlServerTests.csproj", "{E11E95A2-A5FE-46B5-9764-23BA3A2305AE}"
EndProject
Project("{FAE04EC0-301F-11D3-BF4B-00C04F79EFBC}") = "Northwind.Dominio", "Northwind.Dominio\Northwind.Dominio.csproj", "{2F2CF7FC-4F67-4BDC-9B7D-113051F55C6D}"
EndProject
Project("{FAE04EC0-301F-11D3-BF4B-00C04F79EFBC}") = "Northwind.Mvc.Ado", "Northwind.Mvc\Northwind.Mvc.Ado.csproj", "{A9A90008-3322-46CD-9400-6BA9FC19141E}"
EndProject
Project("{FAE04EC0-301F-11D3-BF4B-00C04F79EFBC}") = "Impacta.Apoio", "Impacta.Apoio\Impacta.Apoio.csproj", "{010EC6CF-5C6D-42EF-BBE8-4D9E4432AF2E}"
EndProject
Project("{FAE04EC0-301F-11D3-BF4B-00C04F79EFBC}") = "Impacta.ApoioTests", "Impacta.ApoioTests\Impacta.ApoioTests.csproj", "{B3FA7B03-EC0F-4B8B-829F-568DE9A73F7A}"
EndProject
Project("{2150E333-8FDC-42A3-9474-1A3956D46DE8}") = "Testes", "Testes", "{81BF38C0-56EA-46F4-82E0-9D502C3E5C00}"
EndProject
Project("{FAE04EC0-301F-11D3-BF4B-00C04F79EFBC}") = "NorthWind.Repositorios.SqlServer.EF.CodeFirst", "NorthWind.Repositorios.SqlServer.EF\NorthWind.Repositorios.SqlServer.EF.CodeFirst.csproj", "{0ABBA110-95A2-4C97-8C22-C3DB518C6C5C}"
EndProject
Project("{FAE04EC0-301F-11D3-BF4B-00C04F79EFBC}") = "NorthWind.Repositorios.SqlServer.EF.CodeFirst.Testes", "NorthWind.Repositorios.SqlServer.EFTests\NorthWind.Repositorios.SqlServer.EF.CodeFirst.Testes.csproj", "{59D6C8EA-8981-400F-BA9F-AECD18C1C494}"
EndProject
Project("{FAE04EC0-301F-11D3-BF4B-00C04F79EFBC}") = "Northwind.Mvc.EF", "Northwind.Mvc.EF\Northwind.Mvc.EF.csproj", "{8F444A19-99A8-453E-8C05-AA65C2840DE6}"
EndProject
Project("{FAE04EC0-301F-11D3-BF4B-00C04F79EFBC}") = "NorthWind.Repositorios.SqlServer.EF.ModelFirst", "NorthWind.Repositorios.SqlServer.EF.ModelFirst\NorthWind.Repositorios.SqlServer.EF.ModelFirst.csproj", "{6E4B66A5-B28E-4B86-AA46-99C67D2C04B1}"
EndProject
Project("{FAE04EC0-301F-11D3-BF4B-00C04F79EFBC}") = "NorthWind.Repositorios.SqlServer.EF.ModelFirstTests", "NorthWind.Repositorios.SqlServer.EF.ModelFirstTests\NorthWind.Repositorios.SqlServer.EF.ModelFirstTests.csproj", "{2252AC05-AA76-40C0-BC25-0295E28611CA}"
EndProject
Project("{FAE04EC0-301F-11D3-BF4B-00C04F79EFBC}") = "Pubs.Repositorios.SqlServer.EF.DatabaseFirst", "Pubs.Repositorios.SqlServer.EF.DatabaseFirst\Pubs.Repositorios.SqlServer.EF.DatabaseFirst.csproj", "{94DF663C-C7D4-4D8A-AEED-7C9CF0FFA235}"
EndProject
Project("{FAE04EC0-301F-11D3-BF4B-00C04F79EFBC}") = "Pubs.Repositorios.SqlServer.EF.CodeFirst", "Pubs.Repositorios.SqlServer.EF.CodeFirst\Pubs.Repositorios.SqlServer.EF.CodeFirst.csproj", "{5AE8CD0B-9D1E-4A11-96C2-8D5243C6CD06}"
EndProject
Project("{2150E333-8FDC-42A3-9474-1A3956D46DE8}") = "Backend", "Backend", "{D99FE7F2-3755-44A9-9C1F-9A2264E87902}"
EndProject
Project("{2150E333-8FDC-42A3-9474-1A3956D46DE8}") = "Frontend", "Frontend", "{1897DA40-B497-44E8-9CED-68FEE60295C8}"
EndProject
Project("{FAE04EC0-301F-11D3-BF4B-00C04F79EFBC}") = "AdventureWorks.Repositorios.SqlServer.EF.DatabaseFirst", "AdventureWorks.Repositorios.SqlServer.EF.DatabaseFirst\AdventureWorks.Repositorios.SqlServer.EF.DatabaseFirst.csproj", "{F9FBDCF0-AB3D-4D82-82CB-06C2C02FC269}"
EndProject
Project("{FAE04EC0-301F-11D3-BF4B-00C04F79EFBC}") = "AdventureWorks.WcfService", "AdventureWorks.WcfService\AdventureWorks.WcfService.csproj", "{F01C067A-D908-4B03-A288-4A133D016D68}"
EndProject
Project("{FAE04EC0-301F-11D3-BF4B-00C04F79EFBC}") = "AdventureWorks.WcfService.Testes", "AdventureWorks.WcfService.Testes\AdventureWorks.WcfService.Testes.csproj", "{C096B9CC-90F5-4FC7-ABB6-751ED3E89F5F}"
	ProjectSection(ProjectDependencies) = postProject
		{F01C067A-D908-4B03-A288-4A133D016D68} = {F01C067A-D908-4B03-A288-4A133D016D68}
	EndProjectSection
EndProject
Project("{FAE04EC0-301F-11D3-BF4B-00C04F79EFBC}") = "Northwind.WebApi", "Northwind.WebApi\Northwind.WebApi.csproj", "{D6860446-7CE3-46F0-B8DB-0E5670DE7548}"
EndProject
Project("{2150E333-8FDC-42A3-9474-1A3956D46DE8}") = "Repositorios", "Repositorios", "{1D2CB0C3-9DAC-49CB-8E15-D932796B5610}"
EndProject
Project("{E24C65DC-7377-472B-9ABA-BC803B73C61A}") = "Northwind.Html", "Northwind.Html\", "{04666247-E3BB-45A7-B58B-5BB7BC107088}"
	ProjectSection(WebsiteProperties) = preProject
		TargetFrameworkMoniker = ".NETFramework,Version%3Dv4.6.1"
		Debug.AspNetCompiler.VirtualPath = "/localhost_55979"
		Debug.AspNetCompiler.PhysicalPath = "Northwind.Html\"
		Debug.AspNetCompiler.TargetPath = "PrecompiledWeb\localhost_55979\"
		Debug.AspNetCompiler.Updateable = "true"
		Debug.AspNetCompiler.ForceOverwrite = "true"
		Debug.AspNetCompiler.FixedNames = "false"
		Debug.AspNetCompiler.Debug = "True"
		Release.AspNetCompiler.VirtualPath = "/localhost_55979"
		Release.AspNetCompiler.PhysicalPath = "Northwind.Html\"
		Release.AspNetCompiler.TargetPath = "PrecompiledWeb\localhost_55979\"
		Release.AspNetCompiler.Updateable = "true"
		Release.AspNetCompiler.ForceOverwrite = "true"
		Release.AspNetCompiler.FixedNames = "false"
		Release.AspNetCompiler.Debug = "False"
		VWDPort = "55979"
		SlnRelativePath = "Northwind.Html\"
		DefaultWebSiteLanguage = "Visual C#"
	EndProjectSection
EndProject
Global
	GlobalSection(SolutionConfigurationPlatforms) = preSolution
		Debug|Any CPU = Debug|Any CPU
		Release|Any CPU = Release|Any CPU
	EndGlobalSection
	GlobalSection(ProjectConfigurationPlatforms) = postSolution
		{A124B431-0ED7-4D14-917F-69714DE5E65C}.Debug|Any CPU.ActiveCfg = Debug|Any CPU
		{A124B431-0ED7-4D14-917F-69714DE5E65C}.Debug|Any CPU.Build.0 = Debug|Any CPU
		{A124B431-0ED7-4D14-917F-69714DE5E65C}.Release|Any CPU.ActiveCfg = Release|Any CPU
		{A124B431-0ED7-4D14-917F-69714DE5E65C}.Release|Any CPU.Build.0 = Release|Any CPU
		{95016330-5E41-4557-9AA2-32C0A55F543E}.Debug|Any CPU.ActiveCfg = Debug|Any CPU
		{95016330-5E41-4557-9AA2-32C0A55F543E}.Debug|Any CPU.Build.0 = Debug|Any CPU
		{95016330-5E41-4557-9AA2-32C0A55F543E}.Release|Any CPU.ActiveCfg = Release|Any CPU
		{95016330-5E41-4557-9AA2-32C0A55F543E}.Release|Any CPU.Build.0 = Release|Any CPU
		{E11E95A2-A5FE-46B5-9764-23BA3A2305AE}.Debug|Any CPU.ActiveCfg = Debug|Any CPU
		{E11E95A2-A5FE-46B5-9764-23BA3A2305AE}.Debug|Any CPU.Build.0 = Debug|Any CPU
		{E11E95A2-A5FE-46B5-9764-23BA3A2305AE}.Release|Any CPU.ActiveCfg = Release|Any CPU
		{E11E95A2-A5FE-46B5-9764-23BA3A2305AE}.Release|Any CPU.Build.0 = Release|Any CPU
		{2F2CF7FC-4F67-4BDC-9B7D-113051F55C6D}.Debug|Any CPU.ActiveCfg = Debug|Any CPU
		{2F2CF7FC-4F67-4BDC-9B7D-113051F55C6D}.Debug|Any CPU.Build.0 = Debug|Any CPU
		{2F2CF7FC-4F67-4BDC-9B7D-113051F55C6D}.Release|Any CPU.ActiveCfg = Release|Any CPU
		{2F2CF7FC-4F67-4BDC-9B7D-113051F55C6D}.Release|Any CPU.Build.0 = Release|Any CPU
		{A9A90008-3322-46CD-9400-6BA9FC19141E}.Debug|Any CPU.ActiveCfg = Debug|Any CPU
		{A9A90008-3322-46CD-9400-6BA9FC19141E}.Debug|Any CPU.Build.0 = Debug|Any CPU
		{A9A90008-3322-46CD-9400-6BA9FC19141E}.Release|Any CPU.ActiveCfg = Release|Any CPU
		{A9A90008-3322-46CD-9400-6BA9FC19141E}.Release|Any CPU.Build.0 = Release|Any CPU
		{010EC6CF-5C6D-42EF-BBE8-4D9E4432AF2E}.Debug|Any CPU.ActiveCfg = Debug|Any CPU
		{010EC6CF-5C6D-42EF-BBE8-4D9E4432AF2E}.Debug|Any CPU.Build.0 = Debug|Any CPU
		{010EC6CF-5C6D-42EF-BBE8-4D9E4432AF2E}.Release|Any CPU.ActiveCfg = Release|Any CPU
		{010EC6CF-5C6D-42EF-BBE8-4D9E4432AF2E}.Release|Any CPU.Build.0 = Release|Any CPU
		{B3FA7B03-EC0F-4B8B-829F-568DE9A73F7A}.Debug|Any CPU.ActiveCfg = Debug|Any CPU
		{B3FA7B03-EC0F-4B8B-829F-568DE9A73F7A}.Debug|Any CPU.Build.0 = Debug|Any CPU
		{B3FA7B03-EC0F-4B8B-829F-568DE9A73F7A}.Release|Any CPU.ActiveCfg = Release|Any CPU
		{B3FA7B03-EC0F-4B8B-829F-568DE9A73F7A}.Release|Any CPU.Build.0 = Release|Any CPU
		{0ABBA110-95A2-4C97-8C22-C3DB518C6C5C}.Debug|Any CPU.ActiveCfg = Debug|Any CPU
		{0ABBA110-95A2-4C97-8C22-C3DB518C6C5C}.Debug|Any CPU.Build.0 = Debug|Any CPU
		{0ABBA110-95A2-4C97-8C22-C3DB518C6C5C}.Release|Any CPU.ActiveCfg = Release|Any CPU
		{0ABBA110-95A2-4C97-8C22-C3DB518C6C5C}.Release|Any CPU.Build.0 = Release|Any CPU
		{59D6C8EA-8981-400F-BA9F-AECD18C1C494}.Debug|Any CPU.ActiveCfg = Debug|Any CPU
		{59D6C8EA-8981-400F-BA9F-AECD18C1C494}.Debug|Any CPU.Build.0 = Debug|Any CPU
		{59D6C8EA-8981-400F-BA9F-AECD18C1C494}.Release|Any CPU.ActiveCfg = Release|Any CPU
		{59D6C8EA-8981-400F-BA9F-AECD18C1C494}.Release|Any CPU.Build.0 = Release|Any CPU
		{8F444A19-99A8-453E-8C05-AA65C2840DE6}.Debug|Any CPU.ActiveCfg = Debug|Any CPU
		{8F444A19-99A8-453E-8C05-AA65C2840DE6}.Debug|Any CPU.Build.0 = Debug|Any CPU
		{8F444A19-99A8-453E-8C05-AA65C2840DE6}.Release|Any CPU.ActiveCfg = Release|Any CPU
		{8F444A19-99A8-453E-8C05-AA65C2840DE6}.Release|Any CPU.Build.0 = Release|Any CPU
		{6E4B66A5-B28E-4B86-AA46-99C67D2C04B1}.Debug|Any CPU.ActiveCfg = Debug|Any CPU
		{6E4B66A5-B28E-4B86-AA46-99C67D2C04B1}.Debug|Any CPU.Build.0 = Debug|Any CPU
		{6E4B66A5-B28E-4B86-AA46-99C67D2C04B1}.Release|Any CPU.ActiveCfg = Release|Any CPU
		{6E4B66A5-B28E-4B86-AA46-99C67D2C04B1}.Release|Any CPU.Build.0 = Release|Any CPU
		{2252AC05-AA76-40C0-BC25-0295E28611CA}.Debug|Any CPU.ActiveCfg = Debug|Any CPU
		{2252AC05-AA76-40C0-BC25-0295E28611CA}.Debug|Any CPU.Build.0 = Debug|Any CPU
		{2252AC05-AA76-40C0-BC25-0295E28611CA}.Release|Any CPU.ActiveCfg = Release|Any CPU
		{2252AC05-AA76-40C0-BC25-0295E28611CA}.Release|Any CPU.Build.0 = Release|Any CPU
		{94DF663C-C7D4-4D8A-AEED-7C9CF0FFA235}.Debug|Any CPU.ActiveCfg = Debug|Any CPU
		{94DF663C-C7D4-4D8A-AEED-7C9CF0FFA235}.Debug|Any CPU.Build.0 = Debug|Any CPU
		{94DF663C-C7D4-4D8A-AEED-7C9CF0FFA235}.Release|Any CPU.ActiveCfg = Release|Any CPU
		{94DF663C-C7D4-4D8A-AEED-7C9CF0FFA235}.Release|Any CPU.Build.0 = Release|Any CPU
		{5AE8CD0B-9D1E-4A11-96C2-8D5243C6CD06}.Debug|Any CPU.ActiveCfg = Debug|Any CPU
		{5AE8CD0B-9D1E-4A11-96C2-8D5243C6CD06}.Debug|Any CPU.Build.0 = Debug|Any CPU
		{5AE8CD0B-9D1E-4A11-96C2-8D5243C6CD06}.Release|Any CPU.ActiveCfg = Release|Any CPU
		{5AE8CD0B-9D1E-4A11-96C2-8D5243C6CD06}.Release|Any CPU.Build.0 = Release|Any CPU
		{F9FBDCF0-AB3D-4D82-82CB-06C2C02FC269}.Debug|Any CPU.ActiveCfg = Debug|Any CPU
		{F9FBDCF0-AB3D-4D82-82CB-06C2C02FC269}.Debug|Any CPU.Build.0 = Debug|Any CPU
		{F9FBDCF0-AB3D-4D82-82CB-06C2C02FC269}.Release|Any CPU.ActiveCfg = Release|Any CPU
		{F9FBDCF0-AB3D-4D82-82CB-06C2C02FC269}.Release|Any CPU.Build.0 = Release|Any CPU
		{F01C067A-D908-4B03-A288-4A133D016D68}.Debug|Any CPU.ActiveCfg = Debug|Any CPU
		{F01C067A-D908-4B03-A288-4A133D016D68}.Debug|Any CPU.Build.0 = Debug|Any CPU
		{F01C067A-D908-4B03-A288-4A133D016D68}.Release|Any CPU.ActiveCfg = Release|Any CPU
		{F01C067A-D908-4B03-A288-4A133D016D68}.Release|Any CPU.Build.0 = Release|Any CPU
		{C096B9CC-90F5-4FC7-ABB6-751ED3E89F5F}.Debug|Any CPU.ActiveCfg = Debug|Any CPU
		{C096B9CC-90F5-4FC7-ABB6-751ED3E89F5F}.Debug|Any CPU.Build.0 = Debug|Any CPU
		{C096B9CC-90F5-4FC7-ABB6-751ED3E89F5F}.Release|Any CPU.ActiveCfg = Release|Any CPU
		{C096B9CC-90F5-4FC7-ABB6-751ED3E89F5F}.Release|Any CPU.Build.0 = Release|Any CPU
		{D6860446-7CE3-46F0-B8DB-0E5670DE7548}.Debug|Any CPU.ActiveCfg = Debug|Any CPU
		{D6860446-7CE3-46F0-B8DB-0E5670DE7548}.Debug|Any CPU.Build.0 = Debug|Any CPU
		{D6860446-7CE3-46F0-B8DB-0E5670DE7548}.Release|Any CPU.ActiveCfg = Release|Any CPU
		{D6860446-7CE3-46F0-B8DB-0E5670DE7548}.Release|Any CPU.Build.0 = Release|Any CPU
		{04666247-E3BB-45A7-B58B-5BB7BC107088}.Debug|Any CPU.ActiveCfg = Debug|Any CPU
		{04666247-E3BB-45A7-B58B-5BB7BC107088}.Debug|Any CPU.Build.0 = Debug|Any CPU
		{04666247-E3BB-45A7-B58B-5BB7BC107088}.Release|Any CPU.ActiveCfg = Debug|Any CPU
		{04666247-E3BB-45A7-B58B-5BB7BC107088}.Release|Any CPU.Build.0 = Debug|Any CPU
	EndGlobalSection
	GlobalSection(SolutionProperties) = preSolution
		HideSolutionNode = FALSE
	EndGlobalSection
	GlobalSection(NestedProjects) = preSolution
		{A124B431-0ED7-4D14-917F-69714DE5E65C} = {1897DA40-B497-44E8-9CED-68FEE60295C8}
		{95016330-5E41-4557-9AA2-32C0A55F543E} = {1D2CB0C3-9DAC-49CB-8E15-D932796B5610}
		{E11E95A2-A5FE-46B5-9764-23BA3A2305AE} = {81BF38C0-56EA-46F4-82E0-9D502C3E5C00}
		{2F2CF7FC-4F67-4BDC-9B7D-113051F55C6D} = {D99FE7F2-3755-44A9-9C1F-9A2264E87902}
		{A9A90008-3322-46CD-9400-6BA9FC19141E} = {1897DA40-B497-44E8-9CED-68FEE60295C8}
		{010EC6CF-5C6D-42EF-BBE8-4D9E4432AF2E} = {D99FE7F2-3755-44A9-9C1F-9A2264E87902}
		{B3FA7B03-EC0F-4B8B-829F-568DE9A73F7A} = {81BF38C0-56EA-46F4-82E0-9D502C3E5C00}
		{0ABBA110-95A2-4C97-8C22-C3DB518C6C5C} = {1D2CB0C3-9DAC-49CB-8E15-D932796B5610}
		{59D6C8EA-8981-400F-BA9F-AECD18C1C494} = {81BF38C0-56EA-46F4-82E0-9D502C3E5C00}
		{8F444A19-99A8-453E-8C05-AA65C2840DE6} = {1897DA40-B497-44E8-9CED-68FEE60295C8}
		{6E4B66A5-B28E-4B86-AA46-99C67D2C04B1} = {1D2CB0C3-9DAC-49CB-8E15-D932796B5610}
		{2252AC05-AA76-40C0-BC25-0295E28611CA} = {81BF38C0-56EA-46F4-82E0-9D502C3E5C00}
		{94DF663C-C7D4-4D8A-AEED-7C9CF0FFA235} = {1D2CB0C3-9DAC-49CB-8E15-D932796B5610}
		{5AE8CD0B-9D1E-4A11-96C2-8D5243C6CD06} = {1D2CB0C3-9DAC-49CB-8E15-D932796B5610}
		{F9FBDCF0-AB3D-4D82-82CB-06C2C02FC269} = {1D2CB0C3-9DAC-49CB-8E15-D932796B5610}
		{F01C067A-D908-4B03-A288-4A133D016D68} = {D99FE7F2-3755-44A9-9C1F-9A2264E87902}
		{C096B9CC-90F5-4FC7-ABB6-751ED3E89F5F} = {81BF38C0-56EA-46F4-82E0-9D502C3E5C00}
		{D6860446-7CE3-46F0-B8DB-0E5670DE7548} = {D99FE7F2-3755-44A9-9C1F-9A2264E87902}
		{1D2CB0C3-9DAC-49CB-8E15-D932796B5610} = {D99FE7F2-3755-44A9-9C1F-9A2264E87902}
		{04666247-E3BB-45A7-B58B-5BB7BC107088} = {1897DA40-B497-44E8-9CED-68FEE60295C8}
	EndGlobalSection
EndGlobal
